
Microsoft Visual Studio Solution File, Format Version 12.00
Project("{FAE04EC0-301F-11D3-BF4B-00C04F79EFBC}") = "IS4TEST.IdentityServer", "IS4TEST.IdentityServer\IS4TEST.IdentityServer.csproj", "{5E1035C8-2BB3-4671-AEE5-9C91AEEA9031}"
EndProject
Project("{FAE04EC0-301F-11D3-BF4B-00C04F79EFBC}") = "IS4TEST.API", "IS4TEST.API\IS4TEST.API.csproj", "{3DDC4158-0042-4BC6-8879-3E3E486F62FD}"
EndProject
Project("{FAE04EC0-301F-11D3-BF4B-00C04F79EFBC}") = "IS4TEST.Client", "IS4TEST.Client\IS4TEST.Client.csproj", "{84617FB4-D691-4B7C-AA11-0389BE3B46A7}"
EndProject
Project("{FAE04EC0-301F-11D3-BF4B-00C04F79EFBC}") = "IS4TEST.MVC", "IS4TEST.MVC\IS4TEST.MVC.csproj", "{4640C3ED-D9A2-4125-8B77-9AE6F9B21529}"
EndProject
Global
	GlobalSection(SolutionConfigurationPlatforms) = preSolution
		Debug|Any CPU = Debug|Any CPU
		Release|Any CPU = Release|Any CPU
	EndGlobalSection
	GlobalSection(ProjectConfigurationPlatforms) = postSolution
		{5E1035C8-2BB3-4671-AEE5-9C91AEEA9031}.Debug|Any CPU.ActiveCfg = Debug|Any CPU
		{5E1035C8-2BB3-4671-AEE5-9C91AEEA9031}.Debug|Any CPU.Build.0 = Debug|Any CPU
		{5E1035C8-2BB3-4671-AEE5-9C91AEEA9031}.Release|Any CPU.ActiveCfg = Release|Any CPU
		{5E1035C8-2BB3-4671-AEE5-9C91AEEA9031}.Release|Any CPU.Build.0 = Release|Any CPU
		{3DDC4158-0042-4BC6-8879-3E3E486F62FD}.Debug|Any CPU.ActiveCfg = Debug|Any CPU
		{3DDC4158-0042-4BC6-8879-3E3E486F62FD}.Debug|Any CPU.Build.0 = Debug|Any CPU
		{3DDC4158-0042-4BC6-8879-3E3E486F62FD}.Release|Any CPU.ActiveCfg = Release|Any CPU
		{3DDC4158-0042-4BC6-8879-3E3E486F62FD}.Release|Any CPU.Build.0 = Release|Any CPU
		{84617FB4-D691-4B7C-AA11-0389BE3B46A7}.Debug|Any CPU.ActiveCfg = Debug|Any CPU
		{84617FB4-D691-4B7C-AA11-0389BE3B46A7}.Debug|Any CPU.Build.0 = Debug|Any CPU
		{84617FB4-D691-4B7C-AA11-0389BE3B46A7}.Release|Any CPU.ActiveCfg = Release|Any CPU
		{84617FB4-D691-4B7C-AA11-0389BE3B46A7}.Release|Any CPU.Build.0 = Release|Any CPU
		{4640C3ED-D9A2-4125-8B77-9AE6F9B21529}.Debug|Any CPU.ActiveCfg = Debug|Any CPU
		{4640C3ED-D9A2-4125-8B77-9AE6F9B21529}.Debug|Any CPU.Build.0 = Debug|Any CPU
		{4640C3ED-D9A2-4125-8B77-9AE6F9B21529}.Release|Any CPU.ActiveCfg = Release|Any CPU
		{4640C3ED-D9A2-4125-8B77-9AE6F9B21529}.Release|Any CPU.Build.0 = Release|Any CPU
	EndGlobalSection
EndGlobal
